
Microsoft Visual Studio Solution File, Format Version 12.00
# Visual Studio Version 17
VisualStudioVersion = 17.5.33414.496
MinimumVisualStudioVersion = 10.0.40219.1
Project("{FAE04EC0-301F-11D3-BF4B-00C04F79EFBC}") = "CzechAresClient", "CzechAresClient\CzechAresClient.csproj", "{D204E95F-570A-4D0D-8E24-56F3DA459616}"
EndProject
Project("{FAE04EC0-301F-11D3-BF4B-00C04F79EFBC}") = "Demo", "Demo\Demo.csproj", "{A7587504-9316-4330-8558-8935A19ED84E}"
EndProject
Global
	GlobalSection(SolutionConfigurationPlatforms) = preSolution
		Debug|Any CPU = Debug|Any CPU
		Release|Any CPU = Release|Any CPU
	EndGlobalSection
	GlobalSection(ProjectConfigurationPlatforms) = postSolution
		{D204E95F-570A-4D0D-8E24-56F3DA459616}.Debug|Any CPU.ActiveCfg = Debug|Any CPU
		{D204E95F-570A-4D0D-8E24-56F3DA459616}.Debug|Any CPU.Build.0 = Debug|Any CPU
		{D204E95F-570A-4D0D-8E24-56F3DA459616}.Release|Any CPU.ActiveCfg = Release|Any CPU
		{D204E95F-570A-4D0D-8E24-56F3DA459616}.Release|Any CPU.Build.0 = Release|Any CPU
		{A7587504-9316-4330-8558-8935A19ED84E}.Debug|Any CPU.ActiveCfg = Debug|Any CPU
		{A7587504-9316-4330-8558-8935A19ED84E}.Debug|Any CPU.Build.0 = Debug|Any CPU
		{A7587504-9316-4330-8558-8935A19ED84E}.Release|Any CPU.ActiveCfg = Release|Any CPU
		{A7587504-9316-4330-8558-8935A19ED84E}.Release|Any CPU.Build.0 = Release|Any CPU
	EndGlobalSection
	GlobalSection(SolutionProperties) = preSolution
		HideSolutionNode = FALSE
	EndGlobalSection
	GlobalSection(ExtensibilityGlobals) = postSolution
		SolutionGuid = {A476F747-21B7-4D8C-B628-7AACF65BBE4A}
	EndGlobalSection
EndGlobal
